
Microsoft Visual Studio Solution File, Format Version 12.00
# Visual Studio 15
VisualStudioVersion = 15.0.26206.0
MinimumVisualStudioVersion = 10.0.40219.1
Project("{2150E333-8FDC-42A3-9474-1A3956D46DE8}") = "src", "src", "{F7982BD4-6042-4F44-B572-F6B2003C4D79}"
EndProject
Project("{2150E333-8FDC-42A3-9474-1A3956D46DE8}") = "samples", "samples", "{C1D7C356-4377-4B2B-828F-A3FDCD185005}"
EndProject
Project("{9A19103F-16F7-4668-BE54-9A1E7A4F7556}") = "Angora", "src\Angora\Angora.csproj", "{E8609CF9-82CC-4CC1-94D3-A002188C0284}"
EndProject
Project("{9A19103F-16F7-4668-BE54-9A1E7A4F7556}") = "Sample", "samples\Sample\Sample.csproj", "{7CF23DAB-4721-4C7E-AE88-EA599D90E03B}"
EndProject
Global
	GlobalSection(SolutionConfigurationPlatforms) = preSolution
		Debug|Any CPU = Debug|Any CPU
		Release|Any CPU = Release|Any CPU
	EndGlobalSection
	GlobalSection(ProjectConfigurationPlatforms) = postSolution
		{E8609CF9-82CC-4CC1-94D3-A002188C0284}.Debug|Any CPU.ActiveCfg = Debug|Any CPU
		{E8609CF9-82CC-4CC1-94D3-A002188C0284}.Debug|Any CPU.Build.0 = Debug|Any CPU
		{E8609CF9-82CC-4CC1-94D3-A002188C0284}.Release|Any CPU.ActiveCfg = Release|Any CPU
		{E8609CF9-82CC-4CC1-94D3-A002188C0284}.Release|Any CPU.Build.0 = Release|Any CPU
		{7CF23DAB-4721-4C7E-AE88-EA599D90E03B}.Debug|Any CPU.ActiveCfg = Debug|Any CPU
		{7CF23DAB-4721-4C7E-AE88-EA599D90E03B}.Debug|Any CPU.Build.0 = Debug|Any CPU
		{7CF23DAB-4721-4C7E-AE88-EA599D90E03B}.Release|Any CPU.ActiveCfg = Release|Any CPU
		{7CF23DAB-4721-4C7E-AE88-EA599D90E03B}.Release|Any CPU.Build.0 = Release|Any CPU
	EndGlobalSection
	GlobalSection(SolutionProperties) = preSolution
		HideSolutionNode = FALSE
	EndGlobalSection
	GlobalSection(NestedProjects) = preSolution
		{E8609CF9-82CC-4CC1-94D3-A002188C0284} = {F7982BD4-6042-4F44-B572-F6B2003C4D79}
		{7CF23DAB-4721-4C7E-AE88-EA599D90E03B} = {C1D7C356-4377-4B2B-828F-A3FDCD185005}
	EndGlobalSection
EndGlobal
